
Microsoft Visual Studio Solution File, Format Version 12.00
# Visual Studio Version 16
VisualStudioVersion = 16.0.29025.244
MinimumVisualStudioVersion = 10.0.40219.1
Project("{FAE04EC0-301F-11D3-BF4B-00C04F79EFBC}") = "WpfAppCommands1", "WpfAppCommands1\WpfAppCommands1.csproj", "{F5F6C81A-121F-4B19-B9E9-BF93BC5853F4}"
EndProject
Global
	GlobalSection(SolutionConfigurationPlatforms) = preSolution
		Debug|Any CPU = Debug|Any CPU
		Release|Any CPU = Release|Any CPU
	EndGlobalSection
	GlobalSection(ProjectConfigurationPlatforms) = postSolution
		{F5F6C81A-121F-4B19-B9E9-BF93BC5853F4}.Debug|Any CPU.ActiveCfg = Debug|Any CPU
		{F5F6C81A-121F-4B19-B9E9-BF93BC5853F4}.Debug|Any CPU.Build.0 = Debug|Any CPU
		{F5F6C81A-121F-4B19-B9E9-BF93BC5853F4}.Release|Any CPU.ActiveCfg = Release|Any CPU
		{F5F6C81A-121F-4B19-B9E9-BF93BC5853F4}.Release|Any CPU.Build.0 = Release|Any CPU
	EndGlobalSection
	GlobalSection(SolutionProperties) = preSolution
		HideSolutionNode = FALSE
	EndGlobalSection
	GlobalSection(ExtensibilityGlobals) = postSolution
		SolutionGuid = {24DD6514-1784-48EE-B16A-DB2A197753D1}
	EndGlobalSection
EndGlobal
